
Microsoft Visual Studio Solution File, Format Version 12.00
# Visual Studio Version 17
VisualStudioVersion = 17.0.31912.275
MinimumVisualStudioVersion = 10.0.40219.1
Project("{2150E333-8FDC-42A3-9474-1A3956D46DE8}") = "src", "src", "{B439D189-CEC7-4E75-B730-82142BA9CD14}"
EndProject
Project("{2150E333-8FDC-42A3-9474-1A3956D46DE8}") = "tests", "tests", "{02C29C77-C5D3-42E8-82EA-300DE6BFFA07}"
EndProject
Project("{2150E333-8FDC-42A3-9474-1A3956D46DE8}") = "front-end", "front-end", "{1246C841-8F00-48B4-BD3E-57F2D8179906}"
EndProject
Project("{9A19103F-16F7-4668-BE54-9A1E7A4F7556}") = "InOut.Web", "front-end\InOut.Web\InOut.Web.csproj", "{6BFD7A68-9927-462B-ACA3-1432C02123EA}"
EndProject
Project("{9A19103F-16F7-4668-BE54-9A1E7A4F7556}") = "InOut.Common", "src\InOut.Common\InOut.Common.csproj", "{E2A78542-45B5-419B-8B81-C56FC05BCB69}"
EndProject
Project("{9A19103F-16F7-4668-BE54-9A1E7A4F7556}") = "InOut.Infrastructure", "src\InOut.Infrastructure\InOut.Infrastructure.csproj", "{7F346141-1333-43D0-AD58-8885183E3900}"
EndProject
Project("{9A19103F-16F7-4668-BE54-9A1E7A4F7556}") = "InOut.IoC", "src\InOut.IoC\InOut.IoC.csproj", "{E3BC0DAF-E1DB-4315-8D90-00411AA84BD7}"
EndProject
Project("{9A19103F-16F7-4668-BE54-9A1E7A4F7556}") = "InOut.Service", "src\InOut.Service\InOut.Service.csproj", "{45D1E098-097D-46DE-966C-2895D560E1A4}"
EndProject
Project("{9A19103F-16F7-4668-BE54-9A1E7A4F7556}") = "InOut.Domain", "src\InOutDomain\InOut.Domain.csproj", "{1868D10C-7B20-46DC-838D-9818B76751BB}"
EndProject
Global
	GlobalSection(SolutionConfigurationPlatforms) = preSolution
		Debug|Any CPU = Debug|Any CPU
		Release|Any CPU = Release|Any CPU
	EndGlobalSection
	GlobalSection(ProjectConfigurationPlatforms) = postSolution
		{6BFD7A68-9927-462B-ACA3-1432C02123EA}.Debug|Any CPU.ActiveCfg = Debug|Any CPU
		{6BFD7A68-9927-462B-ACA3-1432C02123EA}.Debug|Any CPU.Build.0 = Debug|Any CPU
		{6BFD7A68-9927-462B-ACA3-1432C02123EA}.Release|Any CPU.ActiveCfg = Release|Any CPU
		{6BFD7A68-9927-462B-ACA3-1432C02123EA}.Release|Any CPU.Build.0 = Release|Any CPU
		{E2A78542-45B5-419B-8B81-C56FC05BCB69}.Debug|Any CPU.ActiveCfg = Debug|Any CPU
		{E2A78542-45B5-419B-8B81-C56FC05BCB69}.Debug|Any CPU.Build.0 = Debug|Any CPU
		{E2A78542-45B5-419B-8B81-C56FC05BCB69}.Release|Any CPU.ActiveCfg = Release|Any CPU
		{E2A78542-45B5-419B-8B81-C56FC05BCB69}.Release|Any CPU.Build.0 = Release|Any CPU
		{7F346141-1333-43D0-AD58-8885183E3900}.Debug|Any CPU.ActiveCfg = Debug|Any CPU
		{7F346141-1333-43D0-AD58-8885183E3900}.Debug|Any CPU.Build.0 = Debug|Any CPU
		{7F346141-1333-43D0-AD58-8885183E3900}.Release|Any CPU.ActiveCfg = Release|Any CPU
		{7F346141-1333-43D0-AD58-8885183E3900}.Release|Any CPU.Build.0 = Release|Any CPU
		{E3BC0DAF-E1DB-4315-8D90-00411AA84BD7}.Debug|Any CPU.ActiveCfg = Debug|Any CPU
		{E3BC0DAF-E1DB-4315-8D90-00411AA84BD7}.Debug|Any CPU.Build.0 = Debug|Any CPU
		{E3BC0DAF-E1DB-4315-8D90-00411AA84BD7}.Release|Any CPU.ActiveCfg = Release|Any CPU
		{E3BC0DAF-E1DB-4315-8D90-00411AA84BD7}.Release|Any CPU.Build.0 = Release|Any CPU
		{45D1E098-097D-46DE-966C-2895D560E1A4}.Debug|Any CPU.ActiveCfg = Debug|Any CPU
		{45D1E098-097D-46DE-966C-2895D560E1A4}.Debug|Any CPU.Build.0 = Debug|Any CPU
		{45D1E098-097D-46DE-966C-2895D560E1A4}.Release|Any CPU.ActiveCfg = Release|Any CPU
		{45D1E098-097D-46DE-966C-2895D560E1A4}.Release|Any CPU.Build.0 = Release|Any CPU
		{1868D10C-7B20-46DC-838D-9818B76751BB}.Debug|Any CPU.ActiveCfg = Debug|Any CPU
		{1868D10C-7B20-46DC-838D-9818B76751BB}.Debug|Any CPU.Build.0 = Debug|Any CPU
		{1868D10C-7B20-46DC-838D-9818B76751BB}.Release|Any CPU.ActiveCfg = Release|Any CPU
		{1868D10C-7B20-46DC-838D-9818B76751BB}.Release|Any CPU.Build.0 = Release|Any CPU
	EndGlobalSection
	GlobalSection(SolutionProperties) = preSolution
		HideSolutionNode = FALSE
	EndGlobalSection
	GlobalSection(NestedProjects) = preSolution
		{6BFD7A68-9927-462B-ACA3-1432C02123EA} = {1246C841-8F00-48B4-BD3E-57F2D8179906}
		{E2A78542-45B5-419B-8B81-C56FC05BCB69} = {B439D189-CEC7-4E75-B730-82142BA9CD14}
		{7F346141-1333-43D0-AD58-8885183E3900} = {B439D189-CEC7-4E75-B730-82142BA9CD14}
		{E3BC0DAF-E1DB-4315-8D90-00411AA84BD7} = {B439D189-CEC7-4E75-B730-82142BA9CD14}
		{45D1E098-097D-46DE-966C-2895D560E1A4} = {B439D189-CEC7-4E75-B730-82142BA9CD14}
		{1868D10C-7B20-46DC-838D-9818B76751BB} = {B439D189-CEC7-4E75-B730-82142BA9CD14}
	EndGlobalSection
	GlobalSection(ExtensibilityGlobals) = postSolution
		SolutionGuid = {EFA353C9-C7D4-46C7-B2D5-5E6DFD8919D5}
	EndGlobalSection
EndGlobal
