
Microsoft Visual Studio Solution File, Format Version 12.00
# Visual Studio Version 17
VisualStudioVersion = 17.0.31912.275
MinimumVisualStudioVersion = 10.0.40219.1
Project("{2150E333-8FDC-42A3-9474-1A3956D46DE8}") = "src", "src", "{B439D189-CEC7-4E75-B730-82142BA9CD14}"
EndProject
Project("{2150E333-8FDC-42A3-9474-1A3956D46DE8}") = "tests", "tests", "{02C29C77-C5D3-42E8-82EA-300DE6BFFA07}"
EndProject
Project("{9A19103F-16F7-4668-BE54-9A1E7A4F7556}") = "InOut.Domain", "src\SeuNegocio.Domain\InOut.Domain.csproj", "{A92A1BDB-7C8C-493D-8162-00CCD3507CCC}"
EndProject
Project("{9A19103F-16F7-4668-BE54-9A1E7A4F7556}") = "InOut.Common", "SeuNegocio.Common\InOut.Common.csproj", "{D2B66D94-C2F5-4950-97B4-A6DBFEDE706E}"
EndProject
Project("{9A19103F-16F7-4668-BE54-9A1E7A4F7556}") = "InOut.Service", "SeuNegocio.Service\InOut.Service.csproj", "{852E1B9E-557C-4B8D-A5C2-D31C583DA9AE}"
EndProject
Project("{9A19103F-16F7-4668-BE54-9A1E7A4F7556}") = "InOut.Infrastructure", "SeuNegocio.Infrastructure\InOut.Infrastructure.csproj", "{3051A433-A2E9-4D5C-91FD-9505A20870AC}"
EndProject
Project("{9A19103F-16F7-4668-BE54-9A1E7A4F7556}") = "InOut.IoC", "SeuNegocio.IoC\InOut.IoC.csproj", "{F839358A-F89E-4598-8F94-5EF5A6C87E52}"
EndProject
Project("{2150E333-8FDC-42A3-9474-1A3956D46DE8}") = "front-end", "front-end", "{1246C841-8F00-48B4-BD3E-57F2D8179906}"
EndProject
Global
	GlobalSection(SolutionConfigurationPlatforms) = preSolution
		Debug|Any CPU = Debug|Any CPU
		Release|Any CPU = Release|Any CPU
	EndGlobalSection
	GlobalSection(ProjectConfigurationPlatforms) = postSolution
		{A92A1BDB-7C8C-493D-8162-00CCD3507CCC}.Debug|Any CPU.ActiveCfg = Debug|Any CPU
		{A92A1BDB-7C8C-493D-8162-00CCD3507CCC}.Debug|Any CPU.Build.0 = Debug|Any CPU
		{A92A1BDB-7C8C-493D-8162-00CCD3507CCC}.Release|Any CPU.ActiveCfg = Release|Any CPU
		{A92A1BDB-7C8C-493D-8162-00CCD3507CCC}.Release|Any CPU.Build.0 = Release|Any CPU
		{D2B66D94-C2F5-4950-97B4-A6DBFEDE706E}.Debug|Any CPU.ActiveCfg = Debug|Any CPU
		{D2B66D94-C2F5-4950-97B4-A6DBFEDE706E}.Debug|Any CPU.Build.0 = Debug|Any CPU
		{D2B66D94-C2F5-4950-97B4-A6DBFEDE706E}.Release|Any CPU.ActiveCfg = Release|Any CPU
		{D2B66D94-C2F5-4950-97B4-A6DBFEDE706E}.Release|Any CPU.Build.0 = Release|Any CPU
		{852E1B9E-557C-4B8D-A5C2-D31C583DA9AE}.Debug|Any CPU.ActiveCfg = Debug|Any CPU
		{852E1B9E-557C-4B8D-A5C2-D31C583DA9AE}.Debug|Any CPU.Build.0 = Debug|Any CPU
		{852E1B9E-557C-4B8D-A5C2-D31C583DA9AE}.Release|Any CPU.ActiveCfg = Release|Any CPU
		{852E1B9E-557C-4B8D-A5C2-D31C583DA9AE}.Release|Any CPU.Build.0 = Release|Any CPU
		{3051A433-A2E9-4D5C-91FD-9505A20870AC}.Debug|Any CPU.ActiveCfg = Debug|Any CPU
		{3051A433-A2E9-4D5C-91FD-9505A20870AC}.Debug|Any CPU.Build.0 = Debug|Any CPU
		{3051A433-A2E9-4D5C-91FD-9505A20870AC}.Release|Any CPU.ActiveCfg = Release|Any CPU
		{3051A433-A2E9-4D5C-91FD-9505A20870AC}.Release|Any CPU.Build.0 = Release|Any CPU
		{F839358A-F89E-4598-8F94-5EF5A6C87E52}.Debug|Any CPU.ActiveCfg = Debug|Any CPU
		{F839358A-F89E-4598-8F94-5EF5A6C87E52}.Debug|Any CPU.Build.0 = Debug|Any CPU
		{F839358A-F89E-4598-8F94-5EF5A6C87E52}.Release|Any CPU.ActiveCfg = Release|Any CPU
		{F839358A-F89E-4598-8F94-5EF5A6C87E52}.Release|Any CPU.Build.0 = Release|Any CPU
	EndGlobalSection
	GlobalSection(SolutionProperties) = preSolution
		HideSolutionNode = FALSE
	EndGlobalSection
	GlobalSection(NestedProjects) = preSolution
		{A92A1BDB-7C8C-493D-8162-00CCD3507CCC} = {B439D189-CEC7-4E75-B730-82142BA9CD14}
		{D2B66D94-C2F5-4950-97B4-A6DBFEDE706E} = {B439D189-CEC7-4E75-B730-82142BA9CD14}
		{852E1B9E-557C-4B8D-A5C2-D31C583DA9AE} = {B439D189-CEC7-4E75-B730-82142BA9CD14}
		{3051A433-A2E9-4D5C-91FD-9505A20870AC} = {B439D189-CEC7-4E75-B730-82142BA9CD14}
		{F839358A-F89E-4598-8F94-5EF5A6C87E52} = {B439D189-CEC7-4E75-B730-82142BA9CD14}
	EndGlobalSection
	GlobalSection(ExtensibilityGlobals) = postSolution
		SolutionGuid = {EFA353C9-C7D4-46C7-B2D5-5E6DFD8919D5}
	EndGlobalSection
EndGlobal
