
Microsoft Visual Studio Solution File, Format Version 12.00
# Visual Studio Version 17
VisualStudioVersion = 17.0.31912.275
MinimumVisualStudioVersion = 10.0.40219.1
Project("{2150E333-8FDC-42A3-9474-1A3956D46DE8}") = "src", "src", "{B439D189-CEC7-4E75-B730-82142BA9CD14}"
EndProject
Project("{2150E333-8FDC-42A3-9474-1A3956D46DE8}") = "tests", "tests", "{02C29C77-C5D3-42E8-82EA-300DE6BFFA07}"
EndProject
Project("{2150E333-8FDC-42A3-9474-1A3956D46DE8}") = "front-end", "front-end", "{1246C841-8F00-48B4-BD3E-57F2D8179906}"
EndProject
Project("{9A19103F-16F7-4668-BE54-9A1E7A4F7556}") = "InOut.Common", "src\InOut.Common\InOut.Common.csproj", "{E2A78542-45B5-419B-8B81-C56FC05BCB69}"
EndProject
Project("{9A19103F-16F7-4668-BE54-9A1E7A4F7556}") = "InOut.Infrastructure", "src\InOut.Infrastructure\InOut.Infrastructure.csproj", "{7F346141-1333-43D0-AD58-8885183E3900}"
EndProject
Project("{9A19103F-16F7-4668-BE54-9A1E7A4F7556}") = "InOut.IoC", "src\InOut.IoC\InOut.IoC.csproj", "{E3BC0DAF-E1DB-4315-8D90-00411AA84BD7}"
EndProject
Project("{9A19103F-16F7-4668-BE54-9A1E7A4F7556}") = "InOut.Service", "src\InOut.Service\InOut.Service.csproj", "{45D1E098-097D-46DE-966C-2895D560E1A4}"
EndProject
Project("{9A19103F-16F7-4668-BE54-9A1E7A4F7556}") = "InOut.Domain", "src\InOutDomain\InOut.Domain.csproj", "{1868D10C-7B20-46DC-838D-9818B76751BB}"
EndProject
Project("{2150E333-8FDC-42A3-9474-1A3956D46DE8}") = "api", "api", "{3CF8DF1A-2394-4D33-9027-BB88CBAF5380}"
EndProject
Project("{9A19103F-16F7-4668-BE54-9A1E7A4F7556}") = "InOut.API", "api\InOut.API\InOut.API.csproj", "{D439F88D-5729-4BEF-AE1B-D3BFB2EAF488}"
EndProject
Project("{2150E333-8FDC-42A3-9474-1A3956D46DE8}") = "InOut.API.Tests", "InOut.API.Tests", "{531BE479-D63B-42F8-96B8-7201B01A8A18}"
EndProject
Project("{2150E333-8FDC-42A3-9474-1A3956D46DE8}") = "InOut.Source.Tests", "InOut.Source.Tests", "{8C068778-716F-4F48-AA65-B2AD4BF0F636}"
EndProject
Project("{2150E333-8FDC-42A3-9474-1A3956D46DE8}") = "TestUtilities", "TestUtilities", "{FAA81B33-E350-4363-9857-A18EAAFA5974}"
EndProject
Project("{9A19103F-16F7-4668-BE54-9A1E7A4F7556}") = "Service.Tests", "tests\Service.Tests\Service.Tests.csproj", "{62F64608-102B-4356-A58D-13EC0BA4E935}"
EndProject
Project("{9A19103F-16F7-4668-BE54-9A1E7A4F7556}") = "InOut.Domain.Tests", "tests\InOut.Source.Tests\InOut.Domain.Tests\InOut.Domain.Tests.csproj", "{4123FB6C-EA54-4E33-A888-DA20A429D76E}"
EndProject
Project("{2150E333-8FDC-42A3-9474-1A3956D46DE8}") = "Web", "Web", "{5521B032-C25F-44E4-8CF0-229740528EE4}"
EndProject
Project("{2150E333-8FDC-42A3-9474-1A3956D46DE8}") = "Mobile", "Mobile", "{F8862AA9-108B-4E00-BFE5-6BAF94588DA3}"
EndProject
Project("{9A19103F-16F7-4668-BE54-9A1E7A4F7556}") = "InOut.Web", "front-end\Web\InOut.Web\InOut.Web.csproj", "{03718745-9CA3-448A-A3C3-49D35186509B}"
EndProject
Global
	GlobalSection(SolutionConfigurationPlatforms) = preSolution
		Debug|Any CPU = Debug|Any CPU
		Release|Any CPU = Release|Any CPU
	EndGlobalSection
	GlobalSection(ProjectConfigurationPlatforms) = postSolution
		{E2A78542-45B5-419B-8B81-C56FC05BCB69}.Debug|Any CPU.ActiveCfg = Debug|Any CPU
		{E2A78542-45B5-419B-8B81-C56FC05BCB69}.Debug|Any CPU.Build.0 = Debug|Any CPU
		{E2A78542-45B5-419B-8B81-C56FC05BCB69}.Release|Any CPU.ActiveCfg = Release|Any CPU
		{E2A78542-45B5-419B-8B81-C56FC05BCB69}.Release|Any CPU.Build.0 = Release|Any CPU
		{7F346141-1333-43D0-AD58-8885183E3900}.Debug|Any CPU.ActiveCfg = Debug|Any CPU
		{7F346141-1333-43D0-AD58-8885183E3900}.Debug|Any CPU.Build.0 = Debug|Any CPU
		{7F346141-1333-43D0-AD58-8885183E3900}.Release|Any CPU.ActiveCfg = Release|Any CPU
		{7F346141-1333-43D0-AD58-8885183E3900}.Release|Any CPU.Build.0 = Release|Any CPU
		{E3BC0DAF-E1DB-4315-8D90-00411AA84BD7}.Debug|Any CPU.ActiveCfg = Debug|Any CPU
		{E3BC0DAF-E1DB-4315-8D90-00411AA84BD7}.Debug|Any CPU.Build.0 = Debug|Any CPU
		{E3BC0DAF-E1DB-4315-8D90-00411AA84BD7}.Release|Any CPU.ActiveCfg = Release|Any CPU
		{E3BC0DAF-E1DB-4315-8D90-00411AA84BD7}.Release|Any CPU.Build.0 = Release|Any CPU
		{45D1E098-097D-46DE-966C-2895D560E1A4}.Debug|Any CPU.ActiveCfg = Debug|Any CPU
		{45D1E098-097D-46DE-966C-2895D560E1A4}.Debug|Any CPU.Build.0 = Debug|Any CPU
		{45D1E098-097D-46DE-966C-2895D560E1A4}.Release|Any CPU.ActiveCfg = Release|Any CPU
		{45D1E098-097D-46DE-966C-2895D560E1A4}.Release|Any CPU.Build.0 = Release|Any CPU
		{1868D10C-7B20-46DC-838D-9818B76751BB}.Debug|Any CPU.ActiveCfg = Debug|Any CPU
		{1868D10C-7B20-46DC-838D-9818B76751BB}.Debug|Any CPU.Build.0 = Debug|Any CPU
		{1868D10C-7B20-46DC-838D-9818B76751BB}.Release|Any CPU.ActiveCfg = Release|Any CPU
		{1868D10C-7B20-46DC-838D-9818B76751BB}.Release|Any CPU.Build.0 = Release|Any CPU
		{D439F88D-5729-4BEF-AE1B-D3BFB2EAF488}.Debug|Any CPU.ActiveCfg = Debug|Any CPU
		{D439F88D-5729-4BEF-AE1B-D3BFB2EAF488}.Debug|Any CPU.Build.0 = Debug|Any CPU
		{D439F88D-5729-4BEF-AE1B-D3BFB2EAF488}.Release|Any CPU.ActiveCfg = Release|Any CPU
		{D439F88D-5729-4BEF-AE1B-D3BFB2EAF488}.Release|Any CPU.Build.0 = Release|Any CPU
		{62F64608-102B-4356-A58D-13EC0BA4E935}.Debug|Any CPU.ActiveCfg = Debug|Any CPU
		{62F64608-102B-4356-A58D-13EC0BA4E935}.Debug|Any CPU.Build.0 = Debug|Any CPU
		{62F64608-102B-4356-A58D-13EC0BA4E935}.Release|Any CPU.ActiveCfg = Release|Any CPU
		{62F64608-102B-4356-A58D-13EC0BA4E935}.Release|Any CPU.Build.0 = Release|Any CPU
		{4123FB6C-EA54-4E33-A888-DA20A429D76E}.Debug|Any CPU.ActiveCfg = Debug|Any CPU
		{4123FB6C-EA54-4E33-A888-DA20A429D76E}.Debug|Any CPU.Build.0 = Debug|Any CPU
		{4123FB6C-EA54-4E33-A888-DA20A429D76E}.Release|Any CPU.ActiveCfg = Release|Any CPU
		{4123FB6C-EA54-4E33-A888-DA20A429D76E}.Release|Any CPU.Build.0 = Release|Any CPU
		{03718745-9CA3-448A-A3C3-49D35186509B}.Debug|Any CPU.ActiveCfg = Debug|Any CPU
		{03718745-9CA3-448A-A3C3-49D35186509B}.Debug|Any CPU.Build.0 = Debug|Any CPU
		{03718745-9CA3-448A-A3C3-49D35186509B}.Release|Any CPU.ActiveCfg = Release|Any CPU
		{03718745-9CA3-448A-A3C3-49D35186509B}.Release|Any CPU.Build.0 = Release|Any CPU
	EndGlobalSection
	GlobalSection(SolutionProperties) = preSolution
		HideSolutionNode = FALSE
	EndGlobalSection
	GlobalSection(NestedProjects) = preSolution
		{E2A78542-45B5-419B-8B81-C56FC05BCB69} = {B439D189-CEC7-4E75-B730-82142BA9CD14}
		{7F346141-1333-43D0-AD58-8885183E3900} = {B439D189-CEC7-4E75-B730-82142BA9CD14}
		{E3BC0DAF-E1DB-4315-8D90-00411AA84BD7} = {B439D189-CEC7-4E75-B730-82142BA9CD14}
		{45D1E098-097D-46DE-966C-2895D560E1A4} = {B439D189-CEC7-4E75-B730-82142BA9CD14}
		{1868D10C-7B20-46DC-838D-9818B76751BB} = {B439D189-CEC7-4E75-B730-82142BA9CD14}
		{D439F88D-5729-4BEF-AE1B-D3BFB2EAF488} = {3CF8DF1A-2394-4D33-9027-BB88CBAF5380}
		{531BE479-D63B-42F8-96B8-7201B01A8A18} = {02C29C77-C5D3-42E8-82EA-300DE6BFFA07}
		{8C068778-716F-4F48-AA65-B2AD4BF0F636} = {02C29C77-C5D3-42E8-82EA-300DE6BFFA07}
		{FAA81B33-E350-4363-9857-A18EAAFA5974} = {02C29C77-C5D3-42E8-82EA-300DE6BFFA07}
		{62F64608-102B-4356-A58D-13EC0BA4E935} = {531BE479-D63B-42F8-96B8-7201B01A8A18}
		{4123FB6C-EA54-4E33-A888-DA20A429D76E} = {8C068778-716F-4F48-AA65-B2AD4BF0F636}
		{5521B032-C25F-44E4-8CF0-229740528EE4} = {1246C841-8F00-48B4-BD3E-57F2D8179906}
		{F8862AA9-108B-4E00-BFE5-6BAF94588DA3} = {1246C841-8F00-48B4-BD3E-57F2D8179906}
		{03718745-9CA3-448A-A3C3-49D35186509B} = {5521B032-C25F-44E4-8CF0-229740528EE4}
	EndGlobalSection
	GlobalSection(ExtensibilityGlobals) = postSolution
		SolutionGuid = {EFA353C9-C7D4-46C7-B2D5-5E6DFD8919D5}
	EndGlobalSection
EndGlobal
